
Microsoft Visual Studio Solution File, Format Version 12.00
# Visual Studio 2012
Project("{FAE04EC0-301F-11D3-BF4B-00C04F79EFBC}") = "WertheApp", "WertheApp\WertheApp.csproj", "{63074451-A765-41FA-ABCF-03065A7C3280}"
EndProject
Project("{FAE04EC0-301F-11D3-BF4B-00C04F79EFBC}") = "WertheApp.iOS", "iOS\WertheApp.iOS.csproj", "{A6691AEA-075E-4898-8F94-5F00B7583585}"
EndProject
Project("{FAE04EC0-301F-11D3-BF4B-00C04F79EFBC}") = "WertheApp.Droid", "Droid\WertheApp.Droid.csproj", "{3F28692D-519F-4535-9117-8E16B87617EC}"
EndProject
Project("{2150E333-8FDC-42A3-9474-1A3956D46DE8}") = "Solution Items", "Solution Items", "{7CE0EC34-235F-4793-B5AC-2F7E5A05B338}"
	ProjectSection(SolutionItems) = preProject
		.editorconfig = .editorconfig
	EndProjectSection
EndProject
Global
	GlobalSection(SolutionConfigurationPlatforms) = preSolution
		Debug|Any CPU = Debug|Any CPU
		Release|Any CPU = Release|Any CPU
		Debug|iPhoneSimulator = Debug|iPhoneSimulator
		Release|iPhone = Release|iPhone
		Release|iPhoneSimulator = Release|iPhoneSimulator
		Debug|iPhone = Debug|iPhone
	EndGlobalSection
	GlobalSection(ProjectConfigurationPlatforms) = postSolution
		{63074451-A765-41FA-ABCF-03065A7C3280}.Debug|Any CPU.ActiveCfg = Debug|Any CPU
		{63074451-A765-41FA-ABCF-03065A7C3280}.Debug|Any CPU.Build.0 = Debug|Any CPU
		{63074451-A765-41FA-ABCF-03065A7C3280}.Release|Any CPU.ActiveCfg = Release|Any CPU
		{63074451-A765-41FA-ABCF-03065A7C3280}.Release|Any CPU.Build.0 = Release|Any CPU
		{63074451-A765-41FA-ABCF-03065A7C3280}.Debug|iPhoneSimulator.ActiveCfg = Debug|Any CPU
		{63074451-A765-41FA-ABCF-03065A7C3280}.Debug|iPhoneSimulator.Build.0 = Debug|Any CPU
		{63074451-A765-41FA-ABCF-03065A7C3280}.Release|iPhone.ActiveCfg = Release|Any CPU
		{63074451-A765-41FA-ABCF-03065A7C3280}.Release|iPhone.Build.0 = Release|Any CPU
		{63074451-A765-41FA-ABCF-03065A7C3280}.Release|iPhoneSimulator.ActiveCfg = Release|Any CPU
		{63074451-A765-41FA-ABCF-03065A7C3280}.Release|iPhoneSimulator.Build.0 = Release|Any CPU
		{63074451-A765-41FA-ABCF-03065A7C3280}.Debug|iPhone.ActiveCfg = Debug|Any CPU
		{63074451-A765-41FA-ABCF-03065A7C3280}.Debug|iPhone.Build.0 = Debug|Any CPU
		{A6691AEA-075E-4898-8F94-5F00B7583585}.Debug|Any CPU.ActiveCfg = Debug|iPhoneSimulator
		{A6691AEA-075E-4898-8F94-5F00B7583585}.Debug|Any CPU.Build.0 = Debug|iPhoneSimulator
		{A6691AEA-075E-4898-8F94-5F00B7583585}.Release|Any CPU.ActiveCfg = Release|iPhone
		{A6691AEA-075E-4898-8F94-5F00B7583585}.Release|Any CPU.Build.0 = Release|iPhone
		{A6691AEA-075E-4898-8F94-5F00B7583585}.Debug|iPhoneSimulator.ActiveCfg = Debug|iPhoneSimulator
		{A6691AEA-075E-4898-8F94-5F00B7583585}.Debug|iPhoneSimulator.Build.0 = Debug|iPhoneSimulator
		{A6691AEA-075E-4898-8F94-5F00B7583585}.Release|iPhone.ActiveCfg = Release|iPhone
		{A6691AEA-075E-4898-8F94-5F00B7583585}.Release|iPhone.Build.0 = Release|iPhone
		{A6691AEA-075E-4898-8F94-5F00B7583585}.Release|iPhoneSimulator.ActiveCfg = Release|iPhoneSimulator
		{A6691AEA-075E-4898-8F94-5F00B7583585}.Release|iPhoneSimulator.Build.0 = Release|iPhoneSimulator
		{A6691AEA-075E-4898-8F94-5F00B7583585}.Debug|iPhone.ActiveCfg = Debug|iPhone
		{A6691AEA-075E-4898-8F94-5F00B7583585}.Debug|iPhone.Build.0 = Debug|iPhone
		{3F28692D-519F-4535-9117-8E16B87617EC}.Debug|Any CPU.ActiveCfg = Debug|Any CPU
		{3F28692D-519F-4535-9117-8E16B87617EC}.Debug|Any CPU.Build.0 = Debug|Any CPU
		{3F28692D-519F-4535-9117-8E16B87617EC}.Release|Any CPU.ActiveCfg = Release|Any CPU
		{3F28692D-519F-4535-9117-8E16B87617EC}.Release|Any CPU.Build.0 = Release|Any CPU
		{3F28692D-519F-4535-9117-8E16B87617EC}.Debug|iPhoneSimulator.ActiveCfg = Debug|Any CPU
		{3F28692D-519F-4535-9117-8E16B87617EC}.Debug|iPhoneSimulator.Build.0 = Debug|Any CPU
		{3F28692D-519F-4535-9117-8E16B87617EC}.Release|iPhone.ActiveCfg = Release|Any CPU
		{3F28692D-519F-4535-9117-8E16B87617EC}.Release|iPhone.Build.0 = Release|Any CPU
		{3F28692D-519F-4535-9117-8E16B87617EC}.Release|iPhoneSimulator.ActiveCfg = Release|Any CPU
		{3F28692D-519F-4535-9117-8E16B87617EC}.Release|iPhoneSimulator.Build.0 = Release|Any CPU
		{3F28692D-519F-4535-9117-8E16B87617EC}.Debug|iPhone.ActiveCfg = Debug|Any CPU
		{3F28692D-519F-4535-9117-8E16B87617EC}.Debug|iPhone.Build.0 = Debug|Any CPU
	EndGlobalSection
	GlobalSection(MonoDevelopProperties) = preSolution
		Policies = $0
		$0.DotNetNamingPolicy = $1
		$1.DirectoryNamespaceAssociation = PrefixedHierarchical
		$0.VersionControlPolicy = $2
	EndGlobalSection
EndGlobal
